
Microsoft Visual Studio Solution File, Format Version 12.00
# Visual Studio Version 17
VisualStudioVersion = 17.11.35327.3
MinimumVisualStudioVersion = 10.0.40219.1
Project("{9A19103F-16F7-4668-BE54-9A1E7A4F7556}") = "WebAPI", "WebAPI\WebAPI.csproj", "{A6A950BB-8A4D-449C-AB42-717C55D65605}"
EndProject
Project("{2150E333-8FDC-42A3-9474-1A3956D46DE8}") = "Client", "Client", "{1E4BC451-3771-4DE8-BCAD-6C883400E4A3}"
EndProject
Global
	GlobalSection(SolutionConfigurationPlatforms) = preSolution
		Debug|Any CPU = Debug|Any CPU
		Release|Any CPU = Release|Any CPU
	EndGlobalSection
	GlobalSection(ProjectConfigurationPlatforms) = postSolution
		{A6A950BB-8A4D-449C-AB42-717C55D65605}.Debug|Any CPU.ActiveCfg = Debug|Any CPU
		{A6A950BB-8A4D-449C-AB42-717C55D65605}.Debug|Any CPU.Build.0 = Debug|Any CPU
		{A6A950BB-8A4D-449C-AB42-717C55D65605}.Release|Any CPU.ActiveCfg = Release|Any CPU
		{A6A950BB-8A4D-449C-AB42-717C55D65605}.Release|Any CPU.Build.0 = Release|Any CPU
	EndGlobalSection
	GlobalSection(SolutionProperties) = preSolution
		HideSolutionNode = FALSE
	EndGlobalSection
	GlobalSection(ExtensibilityGlobals) = postSolution
		SolutionGuid = {68A38925-1D01-40E9-8641-05505F5071CA}
	EndGlobalSection
EndGlobal
